{
  "originHash" : "4e8d464f22e2674958fe4cc0e78548da9238f409471881e2170f45d26130807b",
  "pins" : [
    {
      "identity" : "swiftui-shimmer",
      "kind" : "remoteSourceControl",
      "location" : "https://github.com/markiv/SwiftUI-Shimmer.git",
      "state" : {
        "revision" : "0226e21f9bf355d40e07e5f5e1c33679d50e167f",
        "version" : "1.5.1"
      }
    },
    {
      "identity" : "variableblur",
      "kind" : "remoteSourceControl",
      "location" : "https://github.com/nikstar/VariableBlur.git",
      "state" : {
        "revision" : "d5da54afb6866baedee2d55108a875af8e7ce76f",
        "version" : "1.2.2"
      }
    }
  ],
  "version" : 3
}
