{
  "originHash" : "2f8865c13b9d26298bcd0d65d0a675ebd7524df59720768f0d6453af21339711",
  "pins" : [
    {
      "identity" : "moonkit",
      "kind" : "remoteSourceControl",
      "location" : "https://github.com/davideilmito/MoonKit.git",
      "state" : {
        "revision" : "be220f375384b47f2b6eaeda54319ceaec0b5a59",
        "version" : "2.1.1"
      }
    },
    {
      "identity" : "sunkit",
      "kind" : "remoteSourceControl",
      "location" : "https://github.com/SunKit-Swift/SunKit.git",
      "state" : {
        "revision" : "086d345cd9886b037ae0af0db49fcaf849acb887",
        "version" : "2.8.1"
      }
    },
    {
      "identity" : "swiftui-shimmer",
      "kind" : "remoteSourceControl",
      "location" : "https://github.com/markiv/SwiftUI-Shimmer.git",
      "state" : {
        "revision" : "0226e21f9bf355d40e07e5f5e1c33679d50e167f",
        "version" : "1.5.1"
      }
    }
  ],
  "version" : 3
}
