{
  "originHash" : "c1b9809f00bd95ece46c19b94af623ccf095fc5e9bbd144393063c1e6f463a3a",
  "pins" : [
    {
      "identity" : "moonkit",
      "kind" : "remoteSourceControl",
      "location" : "https://github.com/davideilmito/MoonKit.git",
      "state" : {
        "revision" : "be220f375384b47f2b6eaeda54319ceaec0b5a59",
        "version" : "2.1.1"
      }
    },
    {
      "identity" : "swiftui-shimmer",
      "kind" : "remoteSourceControl",
      "location" : "https://github.com/markiv/SwiftUI-Shimmer.git",
      "state" : {
        "revision" : "0226e21f9bf355d40e07e5f5e1c33679d50e167f",
        "version" : "1.5.1"
      }
    },
    {
      "identity" : "variableblur",
      "kind" : "remoteSourceControl",
      "location" : "https://github.com/nikstar/VariableBlur.git",
      "state" : {
        "revision" : "d5da54afb6866baedee2d55108a875af8e7ce76f",
        "version" : "1.2.2"
      }
    }
  ],
  "version" : 3
}
